
Microsoft Visual Studio Solution File, Format Version 12.00
# Visual Studio 15
Project("{FAE04EC0-301F-11D3-BF4B-00C04F79EFBC}") = "Oculus.Interaction", "Oculus.Interaction.csproj", "{6803AD95-8D94-2DC6-078F-2621C065549B}"
EndProject
Project("{FAE04EC0-301F-11D3-BF4B-00C04F79EFBC}") = "Oculus.Interaction.Editor", "Oculus.Interaction.Editor.csproj", "{B0500379-4223-C99B-1748-4D822B17D145}"
EndProject
Project("{FAE04EC0-301F-11D3-BF4B-00C04F79EFBC}") = "Oculus.Platform", "Oculus.Platform.csproj", "{C5512707-9555-935B-1E09-ECF294237DF2}"
EndProject
Project("{FAE04EC0-301F-11D3-BF4B-00C04F79EFBC}") = "Assembly-CSharp", "Assembly-CSharp.csproj", "{CBB50A38-7585-B977-CBCA-DEAD68AB631A}"
EndProject
Project("{FAE04EC0-301F-11D3-BF4B-00C04F79EFBC}") = "Oculus.Interaction.OVR.Samples", "Oculus.Interaction.OVR.Samples.csproj", "{EBE3D299-4D38-208F-0F56-563DBAD3FFA4}"
EndProject
Project("{FAE04EC0-301F-11D3-BF4B-00C04F79EFBC}") = "Meta.WitAi.Lib", "Meta.WitAi.Lib.csproj", "{F565BDC0-28E2-D64A-CE79-38BFC08B7743}"
EndProject
Project("{FAE04EC0-301F-11D3-BF4B-00C04F79EFBC}") = "Oculus.VR", "Oculus.VR.csproj", "{F3D8F110-5F61-412E-14BF-A65837C7CD85}"
EndProject
Project("{FAE04EC0-301F-11D3-BF4B-00C04F79EFBC}") = "Meta.WitAi.Conduit.Editor", "Meta.WitAi.Conduit.Editor.csproj", "{2406363C-3A70-961A-23E6-517B17BF1A8A}"
EndProject
Project("{FAE04EC0-301F-11D3-BF4B-00C04F79EFBC}") = "Meta.WitAi", "Meta.WitAi.csproj", "{4FFA282F-CEBF-19AB-4713-5C6F48B445FA}"
EndProject
Project("{FAE04EC0-301F-11D3-BF4B-00C04F79EFBC}") = "Oculus.VR.Editor", "Oculus.VR.Editor.csproj", "{330E1184-D06A-60D0-02C9-11C6220C927A}"
EndProject
Project("{FAE04EC0-301F-11D3-BF4B-00C04F79EFBC}") = "Oculus.LipSync", "Oculus.LipSync.csproj", "{AF4B33C0-3D8B-1914-2ABE-91F46A123487}"
EndProject
Project("{FAE04EC0-301F-11D3-BF4B-00C04F79EFBC}") = "RoadArchitect", "RoadArchitect.csproj", "{D7B48E28-BE06-E9F2-1C90-0468372951D1}"
EndProject
Project("{FAE04EC0-301F-11D3-BF4B-00C04F79EFBC}") = "Oculus.Interaction.OVR", "Oculus.Interaction.OVR.csproj", "{0EF9E00D-C89B-4A50-38CE-12E4A71E146E}"
EndProject
Project("{FAE04EC0-301F-11D3-BF4B-00C04F79EFBC}") = "Meta.WitAI.Lib.Editor", "Meta.WitAI.Lib.Editor.csproj", "{E733A4C0-3CB9-64C8-D94F-5AC2F21F86CB}"
EndProject
Project("{FAE04EC0-301F-11D3-BF4B-00C04F79EFBC}") = "Meta.WitAi.Editor", "Meta.WitAi.Editor.csproj", "{EBDACEA4-71EF-F6EB-ED55-E2173902A004}"
EndProject
Project("{FAE04EC0-301F-11D3-BF4B-00C04F79EFBC}") = "Meta.Voice.Samples.BuiltInTimer", "Meta.Voice.Samples.BuiltInTimer.csproj", "{2D60CCD2-BA07-80A4-E7BB-30FCB524EDE4}"
EndProject
Project("{FAE04EC0-301F-11D3-BF4B-00C04F79EFBC}") = "Meta.WitAi.Conduit", "Meta.WitAi.Conduit.csproj", "{636D32B7-DF84-0D20-6DE4-72CC1726F323}"
EndProject
Project("{FAE04EC0-301F-11D3-BF4B-00C04F79EFBC}") = "Meta.XR.BuildingBlocks.Editor", "Meta.XR.BuildingBlocks.Editor.csproj", "{59854F76-01E6-10F3-E447-047363A80881}"
EndProject
Project("{FAE04EC0-301F-11D3-BF4B-00C04F79EFBC}") = "VoiceSDK.Dictation.Runtime", "VoiceSDK.Dictation.Runtime.csproj", "{CDB20750-457B-40D0-F069-930D9B31DDB7}"
EndProject
Project("{FAE04EC0-301F-11D3-BF4B-00C04F79EFBC}") = "VoiceSDK.Editor", "VoiceSDK.Editor.csproj", "{7B0BD962-B1A3-4B3C-5232-815531793556}"
EndProject
Project("{FAE04EC0-301F-11D3-BF4B-00C04F79EFBC}") = "Oculus.VR.Scripts.Editor", "Oculus.VR.Scripts.Editor.csproj", "{1FABC1FF-82DD-6560-3130-966DD9A12BB8}"
EndProject
Project("{FAE04EC0-301F-11D3-BF4B-00C04F79EFBC}") = "Meta.Voice.Samples.LightTraits", "Meta.Voice.Samples.LightTraits.csproj", "{F2982A74-25F9-CC66-318E-A7887721D134}"
EndProject
Project("{FAE04EC0-301F-11D3-BF4B-00C04F79EFBC}") = "Meta.Voice.Samples.TTSVoices", "Meta.Voice.Samples.TTSVoices.csproj", "{45517394-A042-3B7B-F209-EAD4769CC630}"
EndProject
Project("{FAE04EC0-301F-11D3-BF4B-00C04F79EFBC}") = "VoiceSDK.Runtime", "VoiceSDK.Runtime.csproj", "{0CE5B18D-B001-03E6-71C8-B726665CBE1B}"
EndProject
Project("{FAE04EC0-301F-11D3-BF4B-00C04F79EFBC}") = "Oculus.Interaction.Samples.Editor", "Oculus.Interaction.Samples.Editor.csproj", "{88E53F09-0F4F-4410-48CA-D3F2BDC33ECA}"
EndProject
Project("{FAE04EC0-301F-11D3-BF4B-00C04F79EFBC}") = "Assembly-CSharp-Editor", "Assembly-CSharp-Editor.csproj", "{F121C31F-4BC8-A166-E7E3-475AB135309C}"
EndProject
Project("{FAE04EC0-301F-11D3-BF4B-00C04F79EFBC}") = "Meta.WitAi.TTS.Editor", "Meta.WitAi.TTS.Editor.csproj", "{74DEE5B1-039B-5BAD-E9AA-1F750CA73824}"
EndProject
Project("{FAE04EC0-301F-11D3-BF4B-00C04F79EFBC}") = "Oculus.Platform.Editor", "Oculus.Platform.Editor.csproj", "{9923F27E-F88F-25E1-C8D3-1FF8DF579443}"
EndProject
Project("{FAE04EC0-301F-11D3-BF4B-00C04F79EFBC}") = "Facebook.Wit.Dictation", "Facebook.Wit.Dictation.csproj", "{0F00C179-0F52-B051-71AC-EA976236F538}"
EndProject
Project("{FAE04EC0-301F-11D3-BF4B-00C04F79EFBC}") = "Oculus.AudioManager.Utils.Editor", "Oculus.AudioManager.Utils.Editor.csproj", "{90357E38-EC2E-B3A2-9C98-2A411F07F7E8}"
EndProject
Project("{FAE04EC0-301F-11D3-BF4B-00C04F79EFBC}") = "Meta.VoiceSDK.Mic.Common", "Meta.VoiceSDK.Mic.Common.csproj", "{3704CDFF-99A1-0141-D523-368969989419}"
EndProject
Project("{FAE04EC0-301F-11D3-BF4B-00C04F79EFBC}") = "Meta.Voice.Hub.Editor", "Meta.Voice.Hub.Editor.csproj", "{4AB20854-D454-FF8F-20B5-E5898EA89596}"
EndProject
Project("{FAE04EC0-301F-11D3-BF4B-00C04F79EFBC}") = "Meta.Voice.Samples.ShapesConduit", "Meta.Voice.Samples.ShapesConduit.csproj", "{711B9A8F-562E-F116-ADDC-C8FD2C8E9BA4}"
EndProject
Project("{FAE04EC0-301F-11D3-BF4B-00C04F79EFBC}") = "Meta.VoiceSDK.Mic.Other", "Meta.VoiceSDK.Mic.Other.csproj", "{AD64E234-1999-CC97-3A03-4FAA63B93CE7}"
EndProject
Project("{FAE04EC0-301F-11D3-BF4B-00C04F79EFBC}") = "Meta.WitAi.TTS", "Meta.WitAi.TTS.csproj", "{3DAD4055-5F8C-E1F7-2E69-52C3A7D64F61}"
EndProject
Project("{FAE04EC0-301F-11D3-BF4B-00C04F79EFBC}") = "Oculus.Interaction.InterfaceSupport", "Oculus.Interaction.InterfaceSupport.csproj", "{7C8555BE-7821-0857-399E-B3D91A8CDF4C}"
EndProject
Project("{FAE04EC0-301F-11D3-BF4B-00C04F79EFBC}") = "AssistantCoreSDKRuntime", "AssistantCoreSDKRuntime.csproj", "{E81889A5-BC4B-8B27-72DE-541F7AF25B29}"
EndProject
Project("{FAE04EC0-301F-11D3-BF4B-00C04F79EFBC}") = "Oculus.AudioManager.Audio.Editor", "Oculus.AudioManager.Audio.Editor.csproj", "{90450837-53D5-884C-274D-7F0D7F6EDA6F}"
EndProject
Project("{FAE04EC0-301F-11D3-BF4B-00C04F79EFBC}") = "Oculus.Spatializer.Editor", "Oculus.Spatializer.Editor.csproj", "{D548F5DD-56D6-797E-1628-CCF051679C61}"
EndProject
Project("{FAE04EC0-301F-11D3-BF4B-00C04F79EFBC}") = "Oculus.Spatializer", "Oculus.Spatializer.csproj", "{0C2FAB3B-08C7-294C-74C3-C4544B6D8FCE}"
EndProject
Project("{FAE04EC0-301F-11D3-BF4B-00C04F79EFBC}") = "Meta.Voice.Hub.Runtime", "Meta.Voice.Hub.Runtime.csproj", "{2E5C51AC-B804-0278-DA47-DEDA4143A2B1}"
EndProject
Project("{FAE04EC0-301F-11D3-BF4B-00C04F79EFBC}") = "Oculus.AudioManager", "Oculus.AudioManager.csproj", "{EF813659-922A-4203-B92B-07A69BBFBDC5}"
EndProject
Project("{FAE04EC0-301F-11D3-BF4B-00C04F79EFBC}") = "Meta.Voice.Samples.Shapes", "Meta.Voice.Samples.Shapes.csproj", "{C2885485-34E6-50EE-CAB7-B5AE5E1190A7}"
EndProject
Project("{FAE04EC0-301F-11D3-BF4B-00C04F79EFBC}") = "Meta.Voice.VSDKHub.Editor", "Meta.Voice.VSDKHub.Editor.csproj", "{6E7F5050-62BA-2F01-1544-EDB4286653BC}"
EndProject
Project("{FAE04EC0-301F-11D3-BF4B-00C04F79EFBC}") = "Oculus.Interaction.OVR.Editor", "Oculus.Interaction.OVR.Editor.csproj", "{16E33A78-465A-4DB2-9B68-2337B0F35F25}"
EndProject
Project("{FAE04EC0-301F-11D3-BF4B-00C04F79EFBC}") = "Meta.Voice.Samples.Dictation", "Meta.Voice.Samples.Dictation.csproj", "{EE5DEA83-5AB4-1BA0-E7F4-E0A1E372BB70}"
EndProject
Project("{FAE04EC0-301F-11D3-BF4B-00C04F79EFBC}") = "VoiceSDK.Dictation.Editor", "VoiceSDK.Dictation.Editor.csproj", "{F77B26E5-6DF2-D7D9-50AE-75E70FB2C92F}"
EndProject
Project("{FAE04EC0-301F-11D3-BF4B-00C04F79EFBC}") = "VoiceSDK.Telemetry", "VoiceSDK.Telemetry.csproj", "{3F0362AC-3728-C4A7-D9A0-E480E9B2248C}"
EndProject
Project("{FAE04EC0-301F-11D3-BF4B-00C04F79EFBC}") = "Facebook.Wit.Dictation.Editor", "Facebook.Wit.Dictation.Editor.csproj", "{211843E7-792B-F7FB-B6C4-D101A3FA6C46}"
EndProject
Project("{FAE04EC0-301F-11D3-BF4B-00C04F79EFBC}") = "Meta.XR.BuildingBlocks", "Meta.XR.BuildingBlocks.csproj", "{160F8B0C-3F59-8CB3-9D5E-5ECB32965B7C}"
EndProject
Project("{FAE04EC0-301F-11D3-BF4B-00C04F79EFBC}") = "Oculus.LipSync.Editor", "Oculus.LipSync.Editor.csproj", "{0DE43988-8D1F-9BAA-947D-2BC897ECA476}"
EndProject
Project("{FAE04EC0-301F-11D3-BF4B-00C04F79EFBC}") = "Meta.Voice.Samples.LiveUnderstanding", "Meta.Voice.Samples.LiveUnderstanding.csproj", "{210C840E-5067-AFDA-8E77-D734DCDBF584}"
EndProject
Project("{FAE04EC0-301F-11D3-BF4B-00C04F79EFBC}") = "AssistantCoreSDKEditor", "AssistantCoreSDKEditor.csproj", "{16B96B6C-AB69-75EF-0488-0BDD2B033998}"
EndProject
Project("{FAE04EC0-301F-11D3-BF4B-00C04F79EFBC}") = "Meta.VoiceSDK.Mic.WebGL", "Meta.VoiceSDK.Mic.WebGL.csproj", "{AE22DF3D-8A17-4F80-194F-A553F89BBE61}"
EndProject
Project("{FAE04EC0-301F-11D3-BF4B-00C04F79EFBC}") = "Meta.Voice.Samples.Chess", "Meta.Voice.Samples.Chess.csproj", "{B76EC256-4761-B00F-F85A-166A16AAAC53}"
EndProject
Global
	GlobalSection(SolutionConfigurationPlatforms) = preSolution
		Debug|Any CPU = Debug|Any CPU
		Release|Any CPU = Release|Any CPU
	EndGlobalSection
	GlobalSection(ProjectConfigurationPlatforms) = postSolution
		{6803AD95-8D94-2DC6-078F-2621C065549B}.Debug|Any CPU.ActiveCfg = Debug|Any CPU
		{6803AD95-8D94-2DC6-078F-2621C065549B}.Debug|Any CPU.Build.0 = Debug|Any CPU
		{6803AD95-8D94-2DC6-078F-2621C065549B}.Release|Any CPU.ActiveCfg = Release|Any CPU
		{6803AD95-8D94-2DC6-078F-2621C065549B}.Release|Any CPU.Build.0 = Release|Any CPU
		{B0500379-4223-C99B-1748-4D822B17D145}.Debug|Any CPU.ActiveCfg = Debug|Any CPU
		{B0500379-4223-C99B-1748-4D822B17D145}.Debug|Any CPU.Build.0 = Debug|Any CPU
		{B0500379-4223-C99B-1748-4D822B17D145}.Release|Any CPU.ActiveCfg = Release|Any CPU
		{B0500379-4223-C99B-1748-4D822B17D145}.Release|Any CPU.Build.0 = Release|Any CPU
		{C5512707-9555-935B-1E09-ECF294237DF2}.Debug|Any CPU.ActiveCfg = Debug|Any CPU
		{C5512707-9555-935B-1E09-ECF294237DF2}.Debug|Any CPU.Build.0 = Debug|Any CPU
		{C5512707-9555-935B-1E09-ECF294237DF2}.Release|Any CPU.ActiveCfg = Release|Any CPU
		{C5512707-9555-935B-1E09-ECF294237DF2}.Release|Any CPU.Build.0 = Release|Any CPU
		{CBB50A38-7585-B977-CBCA-DEAD68AB631A}.Debug|Any CPU.ActiveCfg = Debug|Any CPU
		{CBB50A38-7585-B977-CBCA-DEAD68AB631A}.Debug|Any CPU.Build.0 = Debug|Any CPU
		{CBB50A38-7585-B977-CBCA-DEAD68AB631A}.Release|Any CPU.ActiveCfg = Release|Any CPU
		{CBB50A38-7585-B977-CBCA-DEAD68AB631A}.Release|Any CPU.Build.0 = Release|Any CPU
		{EBE3D299-4D38-208F-0F56-563DBAD3FFA4}.Debug|Any CPU.ActiveCfg = Debug|Any CPU
		{EBE3D299-4D38-208F-0F56-563DBAD3FFA4}.Debug|Any CPU.Build.0 = Debug|Any CPU
		{EBE3D299-4D38-208F-0F56-563DBAD3FFA4}.Release|Any CPU.ActiveCfg = Release|Any CPU
		{EBE3D299-4D38-208F-0F56-563DBAD3FFA4}.Release|Any CPU.Build.0 = Release|Any CPU
		{F565BDC0-28E2-D64A-CE79-38BFC08B7743}.Debug|Any CPU.ActiveCfg = Debug|Any CPU
		{F565BDC0-28E2-D64A-CE79-38BFC08B7743}.Debug|Any CPU.Build.0 = Debug|Any CPU
		{F565BDC0-28E2-D64A-CE79-38BFC08B7743}.Release|Any CPU.ActiveCfg = Release|Any CPU
		{F565BDC0-28E2-D64A-CE79-38BFC08B7743}.Release|Any CPU.Build.0 = Release|Any CPU
		{F3D8F110-5F61-412E-14BF-A65837C7CD85}.Debug|Any CPU.ActiveCfg = Debug|Any CPU
		{F3D8F110-5F61-412E-14BF-A65837C7CD85}.Debug|Any CPU.Build.0 = Debug|Any CPU
		{F3D8F110-5F61-412E-14BF-A65837C7CD85}.Release|Any CPU.ActiveCfg = Release|Any CPU
		{F3D8F110-5F61-412E-14BF-A65837C7CD85}.Release|Any CPU.Build.0 = Release|Any CPU
		{2406363C-3A70-961A-23E6-517B17BF1A8A}.Debug|Any CPU.ActiveCfg = Debug|Any CPU
		{2406363C-3A70-961A-23E6-517B17BF1A8A}.Debug|Any CPU.Build.0 = Debug|Any CPU
		{2406363C-3A70-961A-23E6-517B17BF1A8A}.Release|Any CPU.ActiveCfg = Release|Any CPU
		{2406363C-3A70-961A-23E6-517B17BF1A8A}.Release|Any CPU.Build.0 = Release|Any CPU
		{4FFA282F-CEBF-19AB-4713-5C6F48B445FA}.Debug|Any CPU.ActiveCfg = Debug|Any CPU
		{4FFA282F-CEBF-19AB-4713-5C6F48B445FA}.Debug|Any CPU.Build.0 = Debug|Any CPU
		{4FFA282F-CEBF-19AB-4713-5C6F48B445FA}.Release|Any CPU.ActiveCfg = Release|Any CPU
		{4FFA282F-CEBF-19AB-4713-5C6F48B445FA}.Release|Any CPU.Build.0 = Release|Any CPU
		{330E1184-D06A-60D0-02C9-11C6220C927A}.Debug|Any CPU.ActiveCfg = Debug|Any CPU
		{330E1184-D06A-60D0-02C9-11C6220C927A}.Debug|Any CPU.Build.0 = Debug|Any CPU
		{330E1184-D06A-60D0-02C9-11C6220C927A}.Release|Any CPU.ActiveCfg = Release|Any CPU
		{330E1184-D06A-60D0-02C9-11C6220C927A}.Release|Any CPU.Build.0 = Release|Any CPU
		{AF4B33C0-3D8B-1914-2ABE-91F46A123487}.Debug|Any CPU.ActiveCfg = Debug|Any CPU
		{AF4B33C0-3D8B-1914-2ABE-91F46A123487}.Debug|Any CPU.Build.0 = Debug|Any CPU
		{AF4B33C0-3D8B-1914-2ABE-91F46A123487}.Release|Any CPU.ActiveCfg = Release|Any CPU
		{AF4B33C0-3D8B-1914-2ABE-91F46A123487}.Release|Any CPU.Build.0 = Release|Any CPU
		{D7B48E28-BE06-E9F2-1C90-0468372951D1}.Debug|Any CPU.ActiveCfg = Debug|Any CPU
		{D7B48E28-BE06-E9F2-1C90-0468372951D1}.Debug|Any CPU.Build.0 = Debug|Any CPU
		{D7B48E28-BE06-E9F2-1C90-0468372951D1}.Release|Any CPU.ActiveCfg = Release|Any CPU
		{D7B48E28-BE06-E9F2-1C90-0468372951D1}.Release|Any CPU.Build.0 = Release|Any CPU
		{0EF9E00D-C89B-4A50-38CE-12E4A71E146E}.Debug|Any CPU.ActiveCfg = Debug|Any CPU
		{0EF9E00D-C89B-4A50-38CE-12E4A71E146E}.Debug|Any CPU.Build.0 = Debug|Any CPU
		{0EF9E00D-C89B-4A50-38CE-12E4A71E146E}.Release|Any CPU.ActiveCfg = Release|Any CPU
		{0EF9E00D-C89B-4A50-38CE-12E4A71E146E}.Release|Any CPU.Build.0 = Release|Any CPU
		{E733A4C0-3CB9-64C8-D94F-5AC2F21F86CB}.Debug|Any CPU.ActiveCfg = Debug|Any CPU
		{E733A4C0-3CB9-64C8-D94F-5AC2F21F86CB}.Debug|Any CPU.Build.0 = Debug|Any CPU
		{E733A4C0-3CB9-64C8-D94F-5AC2F21F86CB}.Release|Any CPU.ActiveCfg = Release|Any CPU
		{E733A4C0-3CB9-64C8-D94F-5AC2F21F86CB}.Release|Any CPU.Build.0 = Release|Any CPU
		{EBDACEA4-71EF-F6EB-ED55-E2173902A004}.Debug|Any CPU.ActiveCfg = Debug|Any CPU
		{EBDACEA4-71EF-F6EB-ED55-E2173902A004}.Debug|Any CPU.Build.0 = Debug|Any CPU
		{EBDACEA4-71EF-F6EB-ED55-E2173902A004}.Release|Any CPU.ActiveCfg = Release|Any CPU
		{EBDACEA4-71EF-F6EB-ED55-E2173902A004}.Release|Any CPU.Build.0 = Release|Any CPU
		{2D60CCD2-BA07-80A4-E7BB-30FCB524EDE4}.Debug|Any CPU.ActiveCfg = Debug|Any CPU
		{2D60CCD2-BA07-80A4-E7BB-30FCB524EDE4}.Debug|Any CPU.Build.0 = Debug|Any CPU
		{2D60CCD2-BA07-80A4-E7BB-30FCB524EDE4}.Release|Any CPU.ActiveCfg = Release|Any CPU
		{2D60CCD2-BA07-80A4-E7BB-30FCB524EDE4}.Release|Any CPU.Build.0 = Release|Any CPU
		{636D32B7-DF84-0D20-6DE4-72CC1726F323}.Debug|Any CPU.ActiveCfg = Debug|Any CPU
		{636D32B7-DF84-0D20-6DE4-72CC1726F323}.Debug|Any CPU.Build.0 = Debug|Any CPU
		{636D32B7-DF84-0D20-6DE4-72CC1726F323}.Release|Any CPU.ActiveCfg = Release|Any CPU
		{636D32B7-DF84-0D20-6DE4-72CC1726F323}.Release|Any CPU.Build.0 = Release|Any CPU
		{59854F76-01E6-10F3-E447-047363A80881}.Debug|Any CPU.ActiveCfg = Debug|Any CPU
		{59854F76-01E6-10F3-E447-047363A80881}.Debug|Any CPU.Build.0 = Debug|Any CPU
		{59854F76-01E6-10F3-E447-047363A80881}.Release|Any CPU.ActiveCfg = Release|Any CPU
		{59854F76-01E6-10F3-E447-047363A80881}.Release|Any CPU.Build.0 = Release|Any CPU
		{CDB20750-457B-40D0-F069-930D9B31DDB7}.Debug|Any CPU.ActiveCfg = Debug|Any CPU
		{CDB20750-457B-40D0-F069-930D9B31DDB7}.Debug|Any CPU.Build.0 = Debug|Any CPU
		{CDB20750-457B-40D0-F069-930D9B31DDB7}.Release|Any CPU.ActiveCfg = Release|Any CPU
		{CDB20750-457B-40D0-F069-930D9B31DDB7}.Release|Any CPU.Build.0 = Release|Any CPU
		{7B0BD962-B1A3-4B3C-5232-815531793556}.Debug|Any CPU.ActiveCfg = Debug|Any CPU
		{7B0BD962-B1A3-4B3C-5232-815531793556}.Debug|Any CPU.Build.0 = Debug|Any CPU
		{7B0BD962-B1A3-4B3C-5232-815531793556}.Release|Any CPU.ActiveCfg = Release|Any CPU
		{7B0BD962-B1A3-4B3C-5232-815531793556}.Release|Any CPU.Build.0 = Release|Any CPU
		{1FABC1FF-82DD-6560-3130-966DD9A12BB8}.Debug|Any CPU.ActiveCfg = Debug|Any CPU
		{1FABC1FF-82DD-6560-3130-966DD9A12BB8}.Debug|Any CPU.Build.0 = Debug|Any CPU
		{1FABC1FF-82DD-6560-3130-966DD9A12BB8}.Release|Any CPU.ActiveCfg = Release|Any CPU
		{1FABC1FF-82DD-6560-3130-966DD9A12BB8}.Release|Any CPU.Build.0 = Release|Any CPU
		{F2982A74-25F9-CC66-318E-A7887721D134}.Debug|Any CPU.ActiveCfg = Debug|Any CPU
		{F2982A74-25F9-CC66-318E-A7887721D134}.Debug|Any CPU.Build.0 = Debug|Any CPU
		{F2982A74-25F9-CC66-318E-A7887721D134}.Release|Any CPU.ActiveCfg = Release|Any CPU
		{F2982A74-25F9-CC66-318E-A7887721D134}.Release|Any CPU.Build.0 = Release|Any CPU
		{45517394-A042-3B7B-F209-EAD4769CC630}.Debug|Any CPU.ActiveCfg = Debug|Any CPU
		{45517394-A042-3B7B-F209-EAD4769CC630}.Debug|Any CPU.Build.0 = Debug|Any CPU
		{45517394-A042-3B7B-F209-EAD4769CC630}.Release|Any CPU.ActiveCfg = Release|Any CPU
		{45517394-A042-3B7B-F209-EAD4769CC630}.Release|Any CPU.Build.0 = Release|Any CPU
		{0CE5B18D-B001-03E6-71C8-B726665CBE1B}.Debug|Any CPU.ActiveCfg = Debug|Any CPU
		{0CE5B18D-B001-03E6-71C8-B726665CBE1B}.Debug|Any CPU.Build.0 = Debug|Any CPU
		{0CE5B18D-B001-03E6-71C8-B726665CBE1B}.Release|Any CPU.ActiveCfg = Release|Any CPU
		{0CE5B18D-B001-03E6-71C8-B726665CBE1B}.Release|Any CPU.Build.0 = Release|Any CPU
		{88E53F09-0F4F-4410-48CA-D3F2BDC33ECA}.Debug|Any CPU.ActiveCfg = Debug|Any CPU
		{88E53F09-0F4F-4410-48CA-D3F2BDC33ECA}.Debug|Any CPU.Build.0 = Debug|Any CPU
		{88E53F09-0F4F-4410-48CA-D3F2BDC33ECA}.Release|Any CPU.ActiveCfg = Release|Any CPU
		{88E53F09-0F4F-4410-48CA-D3F2BDC33ECA}.Release|Any CPU.Build.0 = Release|Any CPU
		{F121C31F-4BC8-A166-E7E3-475AB135309C}.Debug|Any CPU.ActiveCfg = Debug|Any CPU
		{F121C31F-4BC8-A166-E7E3-475AB135309C}.Debug|Any CPU.Build.0 = Debug|Any CPU
		{F121C31F-4BC8-A166-E7E3-475AB135309C}.Release|Any CPU.ActiveCfg = Release|Any CPU
		{F121C31F-4BC8-A166-E7E3-475AB135309C}.Release|Any CPU.Build.0 = Release|Any CPU
		{74DEE5B1-039B-5BAD-E9AA-1F750CA73824}.Debug|Any CPU.ActiveCfg = Debug|Any CPU
		{74DEE5B1-039B-5BAD-E9AA-1F750CA73824}.Debug|Any CPU.Build.0 = Debug|Any CPU
		{74DEE5B1-039B-5BAD-E9AA-1F750CA73824}.Release|Any CPU.ActiveCfg = Release|Any CPU
		{74DEE5B1-039B-5BAD-E9AA-1F750CA73824}.Release|Any CPU.Build.0 = Release|Any CPU
		{9923F27E-F88F-25E1-C8D3-1FF8DF579443}.Debug|Any CPU.ActiveCfg = Debug|Any CPU
		{9923F27E-F88F-25E1-C8D3-1FF8DF579443}.Debug|Any CPU.Build.0 = Debug|Any CPU
		{9923F27E-F88F-25E1-C8D3-1FF8DF579443}.Release|Any CPU.ActiveCfg = Release|Any CPU
		{9923F27E-F88F-25E1-C8D3-1FF8DF579443}.Release|Any CPU.Build.0 = Release|Any CPU
		{0F00C179-0F52-B051-71AC-EA976236F538}.Debug|Any CPU.ActiveCfg = Debug|Any CPU
		{0F00C179-0F52-B051-71AC-EA976236F538}.Debug|Any CPU.Build.0 = Debug|Any CPU
		{0F00C179-0F52-B051-71AC-EA976236F538}.Release|Any CPU.ActiveCfg = Release|Any CPU
		{0F00C179-0F52-B051-71AC-EA976236F538}.Release|Any CPU.Build.0 = Release|Any CPU
		{90357E38-EC2E-B3A2-9C98-2A411F07F7E8}.Debug|Any CPU.ActiveCfg = Debug|Any CPU
		{90357E38-EC2E-B3A2-9C98-2A411F07F7E8}.Debug|Any CPU.Build.0 = Debug|Any CPU
		{90357E38-EC2E-B3A2-9C98-2A411F07F7E8}.Release|Any CPU.ActiveCfg = Release|Any CPU
		{90357E38-EC2E-B3A2-9C98-2A411F07F7E8}.Release|Any CPU.Build.0 = Release|Any CPU
		{3704CDFF-99A1-0141-D523-368969989419}.Debug|Any CPU.ActiveCfg = Debug|Any CPU
		{3704CDFF-99A1-0141-D523-368969989419}.Debug|Any CPU.Build.0 = Debug|Any CPU
		{3704CDFF-99A1-0141-D523-368969989419}.Release|Any CPU.ActiveCfg = Release|Any CPU
		{3704CDFF-99A1-0141-D523-368969989419}.Release|Any CPU.Build.0 = Release|Any CPU
		{4AB20854-D454-FF8F-20B5-E5898EA89596}.Debug|Any CPU.ActiveCfg = Debug|Any CPU
		{4AB20854-D454-FF8F-20B5-E5898EA89596}.Debug|Any CPU.Build.0 = Debug|Any CPU
		{4AB20854-D454-FF8F-20B5-E5898EA89596}.Release|Any CPU.ActiveCfg = Release|Any CPU
		{4AB20854-D454-FF8F-20B5-E5898EA89596}.Release|Any CPU.Build.0 = Release|Any CPU
		{711B9A8F-562E-F116-ADDC-C8FD2C8E9BA4}.Debug|Any CPU.ActiveCfg = Debug|Any CPU
		{711B9A8F-562E-F116-ADDC-C8FD2C8E9BA4}.Debug|Any CPU.Build.0 = Debug|Any CPU
		{711B9A8F-562E-F116-ADDC-C8FD2C8E9BA4}.Release|Any CPU.ActiveCfg = Release|Any CPU
		{711B9A8F-562E-F116-ADDC-C8FD2C8E9BA4}.Release|Any CPU.Build.0 = Release|Any CPU
		{AD64E234-1999-CC97-3A03-4FAA63B93CE7}.Debug|Any CPU.ActiveCfg = Debug|Any CPU
		{AD64E234-1999-CC97-3A03-4FAA63B93CE7}.Debug|Any CPU.Build.0 = Debug|Any CPU
		{AD64E234-1999-CC97-3A03-4FAA63B93CE7}.Release|Any CPU.ActiveCfg = Release|Any CPU
		{AD64E234-1999-CC97-3A03-4FAA63B93CE7}.Release|Any CPU.Build.0 = Release|Any CPU
		{3DAD4055-5F8C-E1F7-2E69-52C3A7D64F61}.Debug|Any CPU.ActiveCfg = Debug|Any CPU
		{3DAD4055-5F8C-E1F7-2E69-52C3A7D64F61}.Debug|Any CPU.Build.0 = Debug|Any CPU
		{3DAD4055-5F8C-E1F7-2E69-52C3A7D64F61}.Release|Any CPU.ActiveCfg = Release|Any CPU
		{3DAD4055-5F8C-E1F7-2E69-52C3A7D64F61}.Release|Any CPU.Build.0 = Release|Any CPU
		{7C8555BE-7821-0857-399E-B3D91A8CDF4C}.Debug|Any CPU.ActiveCfg = Debug|Any CPU
		{7C8555BE-7821-0857-399E-B3D91A8CDF4C}.Debug|Any CPU.Build.0 = Debug|Any CPU
		{7C8555BE-7821-0857-399E-B3D91A8CDF4C}.Release|Any CPU.ActiveCfg = Release|Any CPU
		{7C8555BE-7821-0857-399E-B3D91A8CDF4C}.Release|Any CPU.Build.0 = Release|Any CPU
		{E81889A5-BC4B-8B27-72DE-541F7AF25B29}.Debug|Any CPU.ActiveCfg = Debug|Any CPU
		{E81889A5-BC4B-8B27-72DE-541F7AF25B29}.Debug|Any CPU.Build.0 = Debug|Any CPU
		{E81889A5-BC4B-8B27-72DE-541F7AF25B29}.Release|Any CPU.ActiveCfg = Release|Any CPU
		{E81889A5-BC4B-8B27-72DE-541F7AF25B29}.Release|Any CPU.Build.0 = Release|Any CPU
		{90450837-53D5-884C-274D-7F0D7F6EDA6F}.Debug|Any CPU.ActiveCfg = Debug|Any CPU
		{90450837-53D5-884C-274D-7F0D7F6EDA6F}.Debug|Any CPU.Build.0 = Debug|Any CPU
		{90450837-53D5-884C-274D-7F0D7F6EDA6F}.Release|Any CPU.ActiveCfg = Release|Any CPU
		{90450837-53D5-884C-274D-7F0D7F6EDA6F}.Release|Any CPU.Build.0 = Release|Any CPU
		{D548F5DD-56D6-797E-1628-CCF051679C61}.Debug|Any CPU.ActiveCfg = Debug|Any CPU
		{D548F5DD-56D6-797E-1628-CCF051679C61}.Debug|Any CPU.Build.0 = Debug|Any CPU
		{D548F5DD-56D6-797E-1628-CCF051679C61}.Release|Any CPU.ActiveCfg = Release|Any CPU
		{D548F5DD-56D6-797E-1628-CCF051679C61}.Release|Any CPU.Build.0 = Release|Any CPU
		{0C2FAB3B-08C7-294C-74C3-C4544B6D8FCE}.Debug|Any CPU.ActiveCfg = Debug|Any CPU
		{0C2FAB3B-08C7-294C-74C3-C4544B6D8FCE}.Debug|Any CPU.Build.0 = Debug|Any CPU
		{0C2FAB3B-08C7-294C-74C3-C4544B6D8FCE}.Release|Any CPU.ActiveCfg = Release|Any CPU
		{0C2FAB3B-08C7-294C-74C3-C4544B6D8FCE}.Release|Any CPU.Build.0 = Release|Any CPU
		{2E5C51AC-B804-0278-DA47-DEDA4143A2B1}.Debug|Any CPU.ActiveCfg = Debug|Any CPU
		{2E5C51AC-B804-0278-DA47-DEDA4143A2B1}.Debug|Any CPU.Build.0 = Debug|Any CPU
		{2E5C51AC-B804-0278-DA47-DEDA4143A2B1}.Release|Any CPU.ActiveCfg = Release|Any CPU
		{2E5C51AC-B804-0278-DA47-DEDA4143A2B1}.Release|Any CPU.Build.0 = Release|Any CPU
		{EF813659-922A-4203-B92B-07A69BBFBDC5}.Debug|Any CPU.ActiveCfg = Debug|Any CPU
		{EF813659-922A-4203-B92B-07A69BBFBDC5}.Debug|Any CPU.Build.0 = Debug|Any CPU
		{EF813659-922A-4203-B92B-07A69BBFBDC5}.Release|Any CPU.ActiveCfg = Release|Any CPU
		{EF813659-922A-4203-B92B-07A69BBFBDC5}.Release|Any CPU.Build.0 = Release|Any CPU
		{C2885485-34E6-50EE-CAB7-B5AE5E1190A7}.Debug|Any CPU.ActiveCfg = Debug|Any CPU
		{C2885485-34E6-50EE-CAB7-B5AE5E1190A7}.Debug|Any CPU.Build.0 = Debug|Any CPU
		{C2885485-34E6-50EE-CAB7-B5AE5E1190A7}.Release|Any CPU.ActiveCfg = Release|Any CPU
		{C2885485-34E6-50EE-CAB7-B5AE5E1190A7}.Release|Any CPU.Build.0 = Release|Any CPU
		{6E7F5050-62BA-2F01-1544-EDB4286653BC}.Debug|Any CPU.ActiveCfg = Debug|Any CPU
		{6E7F5050-62BA-2F01-1544-EDB4286653BC}.Debug|Any CPU.Build.0 = Debug|Any CPU
		{6E7F5050-62BA-2F01-1544-EDB4286653BC}.Release|Any CPU.ActiveCfg = Release|Any CPU
		{6E7F5050-62BA-2F01-1544-EDB4286653BC}.Release|Any CPU.Build.0 = Release|Any CPU
		{16E33A78-465A-4DB2-9B68-2337B0F35F25}.Debug|Any CPU.ActiveCfg = Debug|Any CPU
		{16E33A78-465A-4DB2-9B68-2337B0F35F25}.Debug|Any CPU.Build.0 = Debug|Any CPU
		{16E33A78-465A-4DB2-9B68-2337B0F35F25}.Release|Any CPU.ActiveCfg = Release|Any CPU
		{16E33A78-465A-4DB2-9B68-2337B0F35F25}.Release|Any CPU.Build.0 = Release|Any CPU
		{EE5DEA83-5AB4-1BA0-E7F4-E0A1E372BB70}.Debug|Any CPU.ActiveCfg = Debug|Any CPU
		{EE5DEA83-5AB4-1BA0-E7F4-E0A1E372BB70}.Debug|Any CPU.Build.0 = Debug|Any CPU
		{EE5DEA83-5AB4-1BA0-E7F4-E0A1E372BB70}.Release|Any CPU.ActiveCfg = Release|Any CPU
		{EE5DEA83-5AB4-1BA0-E7F4-E0A1E372BB70}.Release|Any CPU.Build.0 = Release|Any CPU
		{F77B26E5-6DF2-D7D9-50AE-75E70FB2C92F}.Debug|Any CPU.ActiveCfg = Debug|Any CPU
		{F77B26E5-6DF2-D7D9-50AE-75E70FB2C92F}.Debug|Any CPU.Build.0 = Debug|Any CPU
		{F77B26E5-6DF2-D7D9-50AE-75E70FB2C92F}.Release|Any CPU.ActiveCfg = Release|Any CPU
		{F77B26E5-6DF2-D7D9-50AE-75E70FB2C92F}.Release|Any CPU.Build.0 = Release|Any CPU
		{3F0362AC-3728-C4A7-D9A0-E480E9B2248C}.Debug|Any CPU.ActiveCfg = Debug|Any CPU
		{3F0362AC-3728-C4A7-D9A0-E480E9B2248C}.Debug|Any CPU.Build.0 = Debug|Any CPU
		{3F0362AC-3728-C4A7-D9A0-E480E9B2248C}.Release|Any CPU.ActiveCfg = Release|Any CPU
		{3F0362AC-3728-C4A7-D9A0-E480E9B2248C}.Release|Any CPU.Build.0 = Release|Any CPU
		{211843E7-792B-F7FB-B6C4-D101A3FA6C46}.Debug|Any CPU.ActiveCfg = Debug|Any CPU
		{211843E7-792B-F7FB-B6C4-D101A3FA6C46}.Debug|Any CPU.Build.0 = Debug|Any CPU
		{211843E7-792B-F7FB-B6C4-D101A3FA6C46}.Release|Any CPU.ActiveCfg = Release|Any CPU
		{211843E7-792B-F7FB-B6C4-D101A3FA6C46}.Release|Any CPU.Build.0 = Release|Any CPU
		{160F8B0C-3F59-8CB3-9D5E-5ECB32965B7C}.Debug|Any CPU.ActiveCfg = Debug|Any CPU
		{160F8B0C-3F59-8CB3-9D5E-5ECB32965B7C}.Debug|Any CPU.Build.0 = Debug|Any CPU
		{160F8B0C-3F59-8CB3-9D5E-5ECB32965B7C}.Release|Any CPU.ActiveCfg = Release|Any CPU
		{160F8B0C-3F59-8CB3-9D5E-5ECB32965B7C}.Release|Any CPU.Build.0 = Release|Any CPU
		{0DE43988-8D1F-9BAA-947D-2BC897ECA476}.Debug|Any CPU.ActiveCfg = Debug|Any CPU
		{0DE43988-8D1F-9BAA-947D-2BC897ECA476}.Debug|Any CPU.Build.0 = Debug|Any CPU
		{0DE43988-8D1F-9BAA-947D-2BC897ECA476}.Release|Any CPU.ActiveCfg = Release|Any CPU
		{0DE43988-8D1F-9BAA-947D-2BC897ECA476}.Release|Any CPU.Build.0 = Release|Any CPU
		{210C840E-5067-AFDA-8E77-D734DCDBF584}.Debug|Any CPU.ActiveCfg = Debug|Any CPU
		{210C840E-5067-AFDA-8E77-D734DCDBF584}.Debug|Any CPU.Build.0 = Debug|Any CPU
		{210C840E-5067-AFDA-8E77-D734DCDBF584}.Release|Any CPU.ActiveCfg = Release|Any CPU
		{210C840E-5067-AFDA-8E77-D734DCDBF584}.Release|Any CPU.Build.0 = Release|Any CPU
		{16B96B6C-AB69-75EF-0488-0BDD2B033998}.Debug|Any CPU.ActiveCfg = Debug|Any CPU
		{16B96B6C-AB69-75EF-0488-0BDD2B033998}.Debug|Any CPU.Build.0 = Debug|Any CPU
		{16B96B6C-AB69-75EF-0488-0BDD2B033998}.Release|Any CPU.ActiveCfg = Release|Any CPU
		{16B96B6C-AB69-75EF-0488-0BDD2B033998}.Release|Any CPU.Build.0 = Release|Any CPU
		{AE22DF3D-8A17-4F80-194F-A553F89BBE61}.Debug|Any CPU.ActiveCfg = Debug|Any CPU
		{AE22DF3D-8A17-4F80-194F-A553F89BBE61}.Debug|Any CPU.Build.0 = Debug|Any CPU
		{AE22DF3D-8A17-4F80-194F-A553F89BBE61}.Release|Any CPU.ActiveCfg = Release|Any CPU
		{AE22DF3D-8A17-4F80-194F-A553F89BBE61}.Release|Any CPU.Build.0 = Release|Any CPU
		{B76EC256-4761-B00F-F85A-166A16AAAC53}.Debug|Any CPU.ActiveCfg = Debug|Any CPU
		{B76EC256-4761-B00F-F85A-166A16AAAC53}.Debug|Any CPU.Build.0 = Debug|Any CPU
		{B76EC256-4761-B00F-F85A-166A16AAAC53}.Release|Any CPU.ActiveCfg = Release|Any CPU
		{B76EC256-4761-B00F-F85A-166A16AAAC53}.Release|Any CPU.Build.0 = Release|Any CPU
	EndGlobalSection
	GlobalSection(SolutionProperties) = preSolution
		HideSolutionNode = FALSE
	EndGlobalSection
EndGlobal
